
Microsoft Visual Studio Solution File, Format Version 12.00
# Visual Studio Version 17
VisualStudioVersion = 17.4.33205.214
MinimumVisualStudioVersion = 10.0.40219.1
Project("{FAE04EC0-301F-11D3-BF4B-00C04F79EFBC}") = "ConsoleApp1", "ConsoleApp1\ConsoleApp1.csproj", "{9088EDBE-EC1D-4902-B56E-F1E2A5A2874A}"
EndProject
Global
	GlobalSection(SolutionConfigurationPlatforms) = preSolution
		Debug|Any CPU = Debug|Any CPU
		Release|Any CPU = Release|Any CPU
	EndGlobalSection
	GlobalSection(ProjectConfigurationPlatforms) = postSolution
		{9088EDBE-EC1D-4902-B56E-F1E2A5A2874A}.Debug|Any CPU.ActiveCfg = Debug|Any CPU
		{9088EDBE-EC1D-4902-B56E-F1E2A5A2874A}.Debug|Any CPU.Build.0 = Debug|Any CPU
		{9088EDBE-EC1D-4902-B56E-F1E2A5A2874A}.Release|Any CPU.ActiveCfg = Release|Any CPU
		{9088EDBE-EC1D-4902-B56E-F1E2A5A2874A}.Release|Any CPU.Build.0 = Release|Any CPU
	EndGlobalSection
	GlobalSection(SolutionProperties) = preSolution
		HideSolutionNode = FALSE
	EndGlobalSection
	GlobalSection(ExtensibilityGlobals) = postSolution
		SolutionGuid = {4877F6A7-0B50-43F1-B34A-5433927BABCC}
	EndGlobalSection
EndGlobal
